// !$*UTF8*$!
{
	archiveVersion = 1;
	classes = {
	};
	objectVersion = 56;
	objects = {

/* Begin PBXBuildFile section */
		F7063A2329967E79007B80FD /* BlockTube_for_SafariApp.swift in Sources */ = {isa = PBXBuildFile; fileRef = F7063A2229967E79007B80FD /* BlockTube_for_SafariApp.swift */; };
		F7063A2529967E79007B80FD /* ContentView.swift in Sources */ = {isa = PBXBuildFile; fileRef = F7063A2429967E79007B80FD /* ContentView.swift */; };
		F7063A2729967E7A007B80FD /* Assets.xcassets in Resources */ = {isa = PBXBuildFile; fileRef = F7063A2629967E7A007B80FD /* Assets.xcassets */; };
		F7063A2B29967E7A007B80FD /* Preview Assets.xcassets in Resources */ = {isa = PBXBuildFile; fileRef = F7063A2A29967E7A007B80FD /* Preview Assets.xcassets */; };
		F7063A3529967E7A007B80FD /* BlockTube_for_SafariTests.swift in Sources */ = {isa = PBXBuildFile; fileRef = F7063A3429967E7A007B80FD /* BlockTube_for_SafariTests.swift */; };
		F7063A3F29967E7A007B80FD /* BlockTube_for_SafariUITests.swift in Sources */ = {isa = PBXBuildFile; fileRef = F7063A3E29967E7A007B80FD /* BlockTube_for_SafariUITests.swift */; };
		F7063A4129967E7A007B80FD /* BlockTube_for_SafariUITestsLaunchTests.swift in Sources */ = {isa = PBXBuildFile; fileRef = F7063A4029967E7A007B80FD /* BlockTube_for_SafariUITestsLaunchTests.swift */; };
/* End PBXBuildFile section */

/* Begin PBXContainerItemProxy section */
		F7063A3129967E7A007B80FD /* PBXContainerItemProxy */ = {
			isa = PBXContainerItemProxy;
			containerPortal = F7063A1729967E79007B80FD /* Project object */;
			proxyType = 1;
			remoteGlobalIDString = F7063A1E29967E79007B80FD;
			remoteInfo = "BlockTube for Safari";
		};
		F7063A3B29967E7A007B80FD /* PBXContainerItemProxy */ = {
			isa = PBXContainerItemProxy;
			containerPortal = F7063A1729967E79007B80FD /* Project object */;
			proxyType = 1;
			remoteGlobalIDString = F7063A1E29967E79007B80FD;
			remoteInfo = "BlockTube for Safari";
		};
/* End PBXContainerItemProxy section */

/* Begin PBXFileReference section */
		F7063A1F29967E79007B80FD /* BlockTube for Safari.app */ = {isa = PBXFileReference; explicitFileType = wrapper.application; includeInIndex = 0; path = "BlockTube for Safari.app"; sourceTree = BUILT_PRODUCTS_DIR; };
		F7063A2229967E79007B80FD /* BlockTube_for_SafariApp.swift */ = {isa = PBXFileReference; lastKnownFileType = sourcecode.swift; path = BlockTube_for_SafariApp.swift; sourceTree = "<group>"; };
		F7063A2429967E79007B80FD /* ContentView.swift */ = {isa = PBXFileReference; lastKnownFileType = sourcecode.swift; path = ContentView.swift; sourceTree = "<group>"; };
		F7063A2629967E7A007B80FD /* Assets.xcassets */ = {isa = PBXFileReference; lastKnownFileType = folder.assetcatalog; path = Assets.xcassets; sourceTree = "<group>"; };
		F7063A2829967E7A007B80FD /* BlockTube_for_Safari.entitlements */ = {isa = PBXFileReference; lastKnownFileType = text.plist.entitlements; path = BlockTube_for_Safari.entitlements; sourceTree = "<group>"; };
		F7063A2A29967E7A007B80FD /* Preview Assets.xcassets */ = {isa = PBXFileReference; lastKnownFileType = folder.assetcatalog; path = "Preview Assets.xcassets"; sourceTree = "<group>"; };
		F7063A3029967E7A007B80FD /* BlockTube for SafariTests.xctest */ = {isa = PBXFileReference; explicitFileType = wrapper.cfbundle; includeInIndex = 0; path = "BlockTube for SafariTests.xctest"; sourceTree = BUILT_PRODUCTS_DIR; };
		F7063A3429967E7A007B80FD /* BlockTube_for_SafariTests.swift */ = {isa = PBXFileReference; lastKnownFileType = sourcecode.swift; path = BlockTube_for_SafariTests.swift; sourceTree = "<group>"; };
		F7063A3A29967E7A007B80FD /* BlockTube for SafariUITests.xctest */ = {isa = PBXFileReference; explicitFileType = wrapper.cfbundle; includeInIndex = 0; path = "BlockTube for SafariUITests.xctest"; sourceTree = BUILT_PRODUCTS_DIR; };
		F7063A3E29967E7A007B80FD /* BlockTube_for_SafariUITests.swift */ = {isa = PBXFileReference; lastKnownFileType = sourcecode.swift; path = BlockTube_for_SafariUITests.swift; sourceTree = "<group>"; };
		F7063A4029967E7A007B80FD /* BlockTube_for_SafariUITestsLaunchTests.swift */ = {isa = PBXFileReference; lastKnownFileType = sourcecode.swift; path = BlockTube_for_SafariUITestsLaunchTests.swift; sourceTree = "<group>"; };
/* End PBXFileReference section */

/* Begin PBXFrameworksBuildPhase section */
		F7063A1C29967E79007B80FD /* Frameworks */ = {
			isa = PBXFrameworksBuildPhase;
			buildActionMask = 2147483647;
			files = (
			);
			runOnlyForDeploymentPostprocessing = 0;
		};
		F7063A2D29967E7A007B80FD /* Frameworks */ = {
			isa = PBXFrameworksBuildPhase;
			buildActionMask = 2147483647;
			files = (
			);
			runOnlyForDeploymentPostprocessing = 0;
		};
		F7063A3729967E7A007B80FD /* Frameworks */ = {
			isa = PBXFrameworksBuildPhase;
			buildActionMask = 2147483647;
			files = (
			);
			runOnlyForDeploymentPostprocessing = 0;
		};
/* End PBXFrameworksBuildPhase section */

/* Begin PBXGroup section */
		F7063A1629967E79007B80FD = {
			isa = PBXGroup;
			children = (
				F7063A2129967E79007B80FD /* BlockTube for Safari */,
				F7063A3329967E7A007B80FD /* BlockTube for SafariTests */,
				F7063A3D29967E7A007B80FD /* BlockTube for SafariUITests */,
				F7063A2029967E79007B80FD /* Products */,
			);
			sourceTree = "<group>";
		};
		F7063A2029967E79007B80FD /* Products */ = {
			isa = PBXGroup;
			children = (
				F7063A1F29967E79007B80FD /* BlockTube for Safari.app */,
				F7063A3029967E7A007B80FD /* BlockTube for SafariTests.xctest */,
				F7063A3A29967E7A007B80FD /* BlockTube for SafariUITests.xctest */,
			);
			name = Products;
			sourceTree = "<group>";
		};
		F7063A2129967E79007B80FD /* BlockTube for Safari */ = {
			isa = PBXGroup;
			children = (
				F7063A2229967E79007B80FD /* BlockTube_for_SafariApp.swift */,
				F7063A2429967E79007B80FD /* ContentView.swift */,
				F7063A2629967E7A007B80FD /* Assets.xcassets */,
				F7063A2829967E7A007B80FD /* BlockTube_for_Safari.entitlements */,
				F7063A2929967E7A007B80FD /* Preview Content */,
			);
			path = "BlockTube for Safari";
			sourceTree = "<group>";
		};
		F7063A2929967E7A007B80FD /* Preview Content */ = {
			isa = PBXGroup;
			children = (
				F7063A2A29967E7A007B80FD /* Preview Assets.xcassets */,
			);
			path = "Preview Content";
			sourceTree = "<group>";
		};
		F7063A3329967E7A007B80FD /* BlockTube for SafariTests */ = {
			isa = PBXGroup;
			children = (
				F7063A3429967E7A007B80FD /* BlockTube_for_SafariTests.swift */,
			);
			path = "BlockTube for SafariTests";
			sourceTree = "<group>";
		};
		F7063A3D29967E7A007B80FD /* BlockTube for SafariUITests */ = {
			isa = PBXGroup;
			children = (
				F7063A3E29967E7A007B80FD /* BlockTube_for_SafariUITests.swift */,
				F7063A4029967E7A007B80FD /* BlockTube_for_SafariUITestsLaunchTests.swift */,
			);
			path = "BlockTube for SafariUITests";
			sourceTree = "<group>";
		};
/* End PBXGroup section */

/* Begin PBXNativeTarget section */
		F7063A1E29967E79007B80FD /* BlockTube for Safari */ = {
			isa = PBXNativeTarget;
			buildConfigurationList = F7063A4429967E7A007B80FD /* Build configuration list for PBXNativeTarget "BlockTube for Safari" */;
			buildPhases = (
				F7063A1B29967E79007B80FD /* Sources */,
				F7063A1C29967E79007B80FD /* Frameworks */,
				F7063A1D29967E79007B80FD /* Resources */,
			);
			buildRules = (
			);
			dependencies = (
			);
			name = "BlockTube for Safari";
			productName = "BlockTube for Safari";
			productReference = F7063A1F29967E79007B80FD /* BlockTube for Safari.app */;
			productType = "com.apple.product-type.application";
		};
		F7063A2F29967E7A007B80FD /* BlockTube for SafariTests */ = {
			isa = PBXNativeTarget;
			buildConfigurationList = F7063A4729967E7A007B80FD /* Build configuration list for PBXNativeTarget "BlockTube for SafariTests" */;
			buildPhases = (
				F7063A2C29967E7A007B80FD /* Sources */,
				F7063A2D29967E7A007B80FD /* Frameworks */,
				F7063A2E29967E7A007B80FD /* Resources */,
			);
			buildRules = (
			);
			dependencies = (
				F7063A3229967E7A007B80FD /* PBXTargetDependency */,
			);
			name = "BlockTube for SafariTests";
			productName = "BlockTube for SafariTests";
			productReference = F7063A3029967E7A007B80FD /* BlockTube for SafariTests.xctest */;
			productType = "com.apple.product-type.bundle.unit-test";
		};
		F7063A3929967E7A007B80FD /* BlockTube for SafariUITests */ = {
			isa = PBXNativeTarget;
			buildConfigurationList = F7063A4A29967E7A007B80FD /* Build configuration list for PBXNativeTarget "BlockTube for SafariUITests" */;
			buildPhases = (
				F7063A3629967E7A007B80FD /* Sources */,
				F7063A3729967E7A007B80FD /* Frameworks */,
				F7063A3829967E7A007B80FD /* Resources */,
			);
			buildRules = (
			);
			dependencies = (
				F7063A3C29967E7A007B80FD /* PBXTargetDependency */,
			);
			name = "BlockTube for SafariUITests";
			productName = "BlockTube for SafariUITests";
			productReference = F7063A3A29967E7A007B80FD /* BlockTube for SafariUITests.xctest */;
			productType = "com.apple.product-type.bundle.ui-testing";
		};
/* End PBXNativeTarget section */

/* Begin PBXProject section */
		F7063A1729967E79007B80FD /* Project object */ = {
			isa = PBXProject;
			attributes = {
				BuildIndependentTargetsInParallel = 1;
				LastSwiftUpdateCheck = 1420;
				LastUpgradeCheck = 1420;
				TargetAttributes = {
					F7063A1E29967E79007B80FD = {
						CreatedOnToolsVersion = 14.2;
					};
					F7063A2F29967E7A007B80FD = {
						CreatedOnToolsVersion = 14.2;
						TestTargetID = F7063A1E29967E79007B80FD;
					};
					F7063A3929967E7A007B80FD = {
						CreatedOnToolsVersion = 14.2;
						TestTargetID = F7063A1E29967E79007B80FD;
					};
				};
			};
			buildConfigurationList = F7063A1A29967E79007B80FD /* Build configuration list for PBXProject "BlockTube for Safari" */;
			compatibilityVersion = "Xcode 14.0";
			developmentRegion = en;
			hasScannedForEncodings = 0;
			knownRegions = (
				en,
				Base,
			);
			mainGroup = F7063A1629967E79007B80FD;
			productRefGroup = F7063A2029967E79007B80FD /* Products */;
			projectDirPath = "";
			projectRoot = "";
			targets = (
				F7063A1E29967E79007B80FD /* BlockTube for Safari */,
				F7063A2F29967E7A007B80FD /* BlockTube for SafariTests */,
				F7063A3929967E7A007B80FD /* BlockTube for SafariUITests */,
			);
		};
/* End PBXProject section */

/* Begin PBXResourcesBuildPhase section */
		F7063A1D29967E79007B80FD /* Resources */ = {
			isa = PBXResourcesBuildPhase;
			buildActionMask = 2147483647;
			files = (
				F7063A2B29967E7A007B80FD /* Preview Assets.xcassets in Resources */,
				F7063A2729967E7A007B80FD /* Assets.xcassets in Resources */,
			);
			runOnlyForDeploymentPostprocessing = 0;
		};
		F7063A2E29967E7A007B80FD /* Resources */ = {
			isa = PBXResourcesBuildPhase;
			buildActionMask = 2147483647;
			files = (
			);
			runOnlyForDeploymentPostprocessing = 0;
		};
		F7063A3829967E7A007B80FD /* Resources */ = {
			isa = PBXResourcesBuildPhase;
			buildActionMask = 2147483647;
			files = (
			);
			runOnlyForDeploymentPostprocessing = 0;
		};
/* End PBXResourcesBuildPhase section */

/* Begin PBXSourcesBuildPhase section */
		F7063A1B29967E79007B80FD /* Sources */ = {
			isa = PBXSourcesBuildPhase;
			buildActionMask = 2147483647;
			files = (
				F7063A2529967E79007B80FD /* ContentView.swift in Sources */,
				F7063A2329967E79007B80FD /* BlockTube_for_SafariApp.swift in Sources */,
			);
			runOnlyForDeploymentPostprocessing = 0;
		};
		F7063A2C29967E7A007B80FD /* Sources */ = {
			isa = PBXSourcesBuildPhase;
			buildActionMask = 2147483647;
			files = (
				F7063A3529967E7A007B80FD /* BlockTube_for_SafariTests.swift in Sources */,
			);
			runOnlyForDeploymentPostprocessing = 0;
		};
		F7063A3629967E7A007B80FD /* Sources */ = {
			isa = PBXSourcesBuildPhase;
			buildActionMask = 2147483647;
			files = (
				F7063A4129967E7A007B80FD /* BlockTube_for_SafariUITestsLaunchTests.swift in Sources */,
				F7063A3F29967E7A007B80FD /* BlockTube_for_SafariUITests.swift in Sources */,
			);
			runOnlyForDeploymentPostprocessing = 0;
		};
/* End PBXSourcesBuildPhase section */

/* Begin PBXTargetDependency section */
		F7063A3229967E7A007B80FD /* PBXTargetDependency */ = {
			isa = PBXTargetDependency;
			target = F7063A1E29967E79007B80FD /* BlockTube for Safari */;
			targetProxy = F7063A3129967E7A007B80FD /* PBXContainerItemProxy */;
		};
		F7063A3C29967E7A007B80FD /* PBXTargetDependency */ = {
			isa = PBXTargetDependency;
			target = F7063A1E29967E79007B80FD /* BlockTube for Safari */;
			targetProxy = F7063A3B29967E7A007B80FD /* PBXContainerItemProxy */;
		};
/* End PBXTargetDependency section */

/* Begin XCBuildConfiguration section */
		F7063A4229967E7A007B80FD /* Debug */ = {
			isa = XCBuildConfiguration;
			buildSettings = {
				ALWAYS_SEARCH_USER_PATHS = NO;
				CLANG_ANALYZER_NONNULL = YES;
				CLANG_ANALYZER_NUMBER_OBJECT_CONVERSION = YES_AGGRESSIVE;
				CLANG_CXX_LANGUAGE_STANDARD = "gnu++20";
				CLANG_ENABLE_MODULES = YES;
				CLANG_ENABLE_OBJC_ARC = YES;
				CLANG_ENABLE_OBJC_WEAK = YES;
				CLANG_WARN_BLOCK_CAPTURE_AUTORELEASING = YES;
				CLANG_WARN_BOOL_CONVERSION = YES;
				CLANG_WARN_COMMA = YES;
				CLANG_WARN_CONSTANT_CONVERSION = YES;
				CLANG_WARN_DEPRECATED_OBJC_IMPLEMENTATIONS = YES;
				CLANG_WARN_DIRECT_OBJC_ISA_USAGE = YES_ERROR;
				CLANG_WARN_DOCUMENTATION_COMMENTS = YES;
				CLANG_WARN_EMPTY_BODY = YES;
				CLANG_WARN_ENUM_CONVERSION = YES;
				CLANG_WARN_INFINITE_RECURSION = YES;
				CLANG_WARN_INT_CONVERSION = YES;
				CLANG_WARN_NON_LITERAL_NULL_CONVERSION = YES;
				CLANG_WARN_OBJC_IMPLICIT_RETAIN_SELF = YES;
				CLANG_WARN_OBJC_LITERAL_CONVERSION = YES;
				CLANG_WARN_OBJC_ROOT_CLASS = YES_ERROR;
				CLANG_WARN_QUOTED_INCLUDE_IN_FRAMEWORK_HEADER = YES;
				CLANG_WARN_RANGE_LOOP_ANALYSIS = YES;
				CLANG_WARN_STRICT_PROTOTYPES = YES;
				CLANG_WARN_SUSPICIOUS_MOVE = YES;
				CLANG_WARN_UNGUARDED_AVAILABILITY = YES_AGGRESSIVE;
				CLANG_WARN_UNREACHABLE_CODE = YES;
				CLANG_WARN__DUPLICATE_METHOD_MATCH = YES;
				COPY_PHASE_STRIP = NO;
				DEBUG_INFORMATION_FORMAT = dwarf;
				ENABLE_STRICT_OBJC_MSGSEND = YES;
				ENABLE_TESTABILITY = YES;
				GCC_C_LANGUAGE_STANDARD = gnu11;
				GCC_DYNAMIC_NO_PIC = NO;
				GCC_NO_COMMON_BLOCKS = YES;
				GCC_OPTIMIZATION_LEVEL = 0;
				GCC_PREPROCESSOR_DEFINITIONS = (
					"DEBUG=1",
					"$(inherited)",
				);
				GCC_WARN_64_TO_32_BIT_CONVERSION = YES;
				GCC_WARN_ABOUT_RETURN_TYPE = YES_ERROR;
				GCC_WARN_UNDECLARED_SELECTOR = YES;
				GCC_WARN_UNINITIALIZED_AUTOS = YES_AGGRESSIVE;
				GCC_WARN_UNUSED_FUNCTION = YES;
				GCC_WARN_UNUSED_VARIABLE = YES;
				MTL_ENABLE_DEBUG_INFO = INCLUDE_SOURCE;
				MTL_FAST_MATH = YES;
				ONLY_ACTIVE_ARCH = YES;
				SWIFT_ACTIVE_COMPILATION_CONDITIONS = DEBUG;
				SWIFT_OPTIMIZATION_LEVEL = "-Onone";
			};
			name = Debug;
		};
		F7063A4329967E7A007B80FD /* Release */ = {
			isa = XCBuildConfiguration;
			buildSettings = {
				ALWAYS_SEARCH_USER_PATHS = NO;
				CLANG_ANALYZER_NONNULL = YES;
				CLANG_ANALYZER_NUMBER_OBJECT_CONVERSION = YES_AGGRESSIVE;
				CLANG_CXX_LANGUAGE_STANDARD = "gnu++20";
				CLANG_ENABLE_MODULES = YES;
				CLANG_ENABLE_OBJC_ARC = YES;
				CLANG_ENABLE_OBJC_WEAK = YES;
				CLANG_WARN_BLOCK_CAPTURE_AUTORELEASING = YES;
				CLANG_WARN_BOOL_CONVERSION = YES;
				CLANG_WARN_COMMA = YES;
				CLANG_WARN_CONSTANT_CONVERSION = YES;
				CLANG_WARN_DEPRECATED_OBJC_IMPLEMENTATIONS = YES;
				CLANG_WARN_DIRECT_OBJC_ISA_USAGE = YES_ERROR;
				CLANG_WARN_DOCUMENTATION_COMMENTS = YES;
				CLANG_WARN_EMPTY_BODY = YES;
				CLANG_WARN_ENUM_CONVERSION = YES;
				CLANG_WARN_INFINITE_RECURSION = YES;
				CLANG_WARN_INT_CONVERSION = YES;
				CLANG_WARN_NON_LITERAL_NULL_CONVERSION = YES;
				CLANG_WARN_OBJC_IMPLICIT_RETAIN_SELF = YES;
				CLANG_WARN_OBJC_LITERAL_CONVERSION = YES;
				CLANG_WARN_OBJC_ROOT_CLASS = YES_ERROR;
				CLANG_WARN_QUOTED_INCLUDE_IN_FRAMEWORK_HEADER = YES;
				CLANG_WARN_RANGE_LOOP_ANALYSIS = YES;
				CLANG_WARN_STRICT_PROTOTYPES = YES;
				CLANG_WARN_SUSPICIOUS_MOVE = YES;
				CLANG_WARN_UNGUARDED_AVAILABILITY = YES_AGGRESSIVE;
				CLANG_WARN_UNREACHABLE_CODE = YES;
				CLANG_WARN__DUPLICATE_METHOD_MATCH = YES;
				COPY_PHASE_STRIP = NO;
				DEBUG_INFORMATION_FORMAT = "dwarf-with-dsym";
				ENABLE_NS_ASSERTIONS = NO;
				ENABLE_STRICT_OBJC_MSGSEND = YES;
				GCC_C_LANGUAGE_STANDARD = gnu11;
				GCC_NO_COMMON_BLOCKS = YES;
				GCC_WARN_64_TO_32_BIT_CONVERSION = YES;
				GCC_WARN_ABOUT_RETURN_TYPE = YES_ERROR;
				GCC_WARN_UNDECLARED_SELECTOR = YES;
				GCC_WARN_UNINITIALIZED_AUTOS = YES_AGGRESSIVE;
				GCC_WARN_UNUSED_FUNCTION = YES;
				GCC_WARN_UNUSED_VARIABLE = YES;
				MTL_ENABLE_DEBUG_INFO = NO;
				MTL_FAST_MATH = YES;
				SWIFT_COMPILATION_MODE = wholemodule;
				SWIFT_OPTIMIZATION_LEVEL = "-O";
			};
			name = Release;
		};
		F7063A4529967E7A007B80FD /* Debug */ = {
			isa = XCBuildConfiguration;
			buildSettings = {
				ASSETCATALOG_COMPILER_APPICON_NAME = AppIcon;
				ASSETCATALOG_COMPILER_GLOBAL_ACCENT_COLOR_NAME = AccentColor;
				CODE_SIGN_ENTITLEMENTS = "BlockTube for Safari/BlockTube_for_Safari.entitlements";
				CODE_SIGN_STYLE = Automatic;
				CURRENT_PROJECT_VERSION = 1;
				DEVELOPMENT_ASSET_PATHS = "\"BlockTube for Safari/Preview Content\"";
				DEVELOPMENT_TEAM = 7AA87AZ875;
				ENABLE_HARDENED_RUNTIME = YES;
				ENABLE_PREVIEWS = YES;
				GENERATE_INFOPLIST_FILE = YES;
				"INFOPLIST_KEY_UIApplicationSceneManifest_Generation[sdk=iphoneos*]" = YES;
				"INFOPLIST_KEY_UIApplicationSceneManifest_Generation[sdk=iphonesimulator*]" = YES;
				"INFOPLIST_KEY_UIApplicationSupportsIndirectInputEvents[sdk=iphoneos*]" = YES;
				"INFOPLIST_KEY_UIApplicationSupportsIndirectInputEvents[sdk=iphonesimulator*]" = YES;
				"INFOPLIST_KEY_UILaunchScreen_Generation[sdk=iphoneos*]" = YES;
				"INFOPLIST_KEY_UILaunchScreen_Generation[sdk=iphonesimulator*]" = YES;
				"INFOPLIST_KEY_UIStatusBarStyle[sdk=iphoneos*]" = UIStatusBarStyleDefault;
				"INFOPLIST_KEY_UIStatusBarStyle[sdk=iphonesimulator*]" = UIStatusBarStyleDefault;
				INFOPLIST_KEY_UISupportedInterfaceOrientations_iPad = "UIInterfaceOrientationPortrait UIInterfaceOrientationPortraitUpsideDown UIInterfaceOrientationLandscapeLeft UIInterfaceOrientationLandscapeRight";
				INFOPLIST_KEY_UISupportedInterfaceOrientations_iPhone = "UIInterfaceOrientationPortrait UIInterfaceOrientationLandscapeLeft UIInterfaceOrientationLandscapeRight";
				IPHONEOS_DEPLOYMENT_TARGET = 16.2;
				LD_RUNPATH_SEARCH_PATHS = "@executable_path/Frameworks";
				"LD_RUNPATH_SEARCH_PATHS[sdk=macosx*]" = "@executable_path/../Frameworks";
				MACOSX_DEPLOYMENT_TARGET = 13.1;
				MARKETING_VERSION = 1.0;
				PRODUCT_BUNDLE_IDENTIFIER = "com.KCs-webExtention2.BlockTube-for-Safari";
				PRODUCT_NAME = "$(TARGET_NAME)";
				SDKROOT = auto;
				SUPPORTED_PLATFORMS = "iphoneos iphonesimulator macosx";
				SWIFT_EMIT_LOC_STRINGS = YES;
				SWIFT_VERSION = 5.0;
				TARGETED_DEVICE_FAMILY = "1,2";
			};
			name = Debug;
		};
		F7063A4629967E7A007B80FD /* Release */ = {
			isa = XCBuildConfiguration;
			buildSettings = {
				ASSETCATALOG_COMPILER_APPICON_NAME = AppIcon;
				ASSETCATALOG_COMPILER_GLOBAL_ACCENT_COLOR_NAME = AccentColor;
				CODE_SIGN_ENTITLEMENTS = "BlockTube for Safari/BlockTube_for_Safari.entitlements";
				CODE_SIGN_STYLE = Automatic;
				CURRENT_PROJECT_VERSION = 1;
				DEVELOPMENT_ASSET_PATHS = "\"BlockTube for Safari/Preview Content\"";
				DEVELOPMENT_TEAM = 7AA87AZ875;
				ENABLE_HARDENED_RUNTIME = YES;
				ENABLE_PREVIEWS = YES;
				GENERATE_INFOPLIST_FILE = YES;
				"INFOPLIST_KEY_UIApplicationSceneManifest_Generation[sdk=iphoneos*]" = YES;
				"INFOPLIST_KEY_UIApplicationSceneManifest_Generation[sdk=iphonesimulator*]" = YES;
				"INFOPLIST_KEY_UIApplicationSupportsIndirectInputEvents[sdk=iphoneos*]" = YES;
				"INFOPLIST_KEY_UIApplicationSupportsIndirectInputEvents[sdk=iphonesimulator*]" = YES;
				"INFOPLIST_KEY_UILaunchScreen_Generation[sdk=iphoneos*]" = YES;
				"INFOPLIST_KEY_UILaunchScreen_Generation[sdk=iphonesimulator*]" = YES;
				"INFOPLIST_KEY_UIStatusBarStyle[sdk=iphoneos*]" = UIStatusBarStyleDefault;
				"INFOPLIST_KEY_UIStatusBarStyle[sdk=iphonesimulator*]" = UIStatusBarStyleDefault;
				INFOPLIST_KEY_UISupportedInterfaceOrientations_iPad = "UIInterfaceOrientationPortrait UIInterfaceOrientationPortraitUpsideDown UIInterfaceOrientationLandscapeLeft UIInterfaceOrientationLandscapeRight";
				INFOPLIST_KEY_UISupportedInterfaceOrientations_iPhone = "UIInterfaceOrientationPortrait UIInterfaceOrientationLandscapeLeft UIInterfaceOrientationLandscapeRight";
				IPHONEOS_DEPLOYMENT_TARGET = 16.2;
				LD_RUNPATH_SEARCH_PATHS = "@executable_path/Frameworks";
				"LD_RUNPATH_SEARCH_PATHS[sdk=macosx*]" = "@executable_path/../Frameworks";
				MACOSX_DEPLOYMENT_TARGET = 13.1;
				MARKETING_VERSION = 1.0;
				PRODUCT_BUNDLE_IDENTIFIER = "com.KCs-webExtention2.BlockTube-for-Safari";
				PRODUCT_NAME = "$(TARGET_NAME)";
				SDKROOT = auto;
				SUPPORTED_PLATFORMS = "iphoneos iphonesimulator macosx";
				SWIFT_EMIT_LOC_STRINGS = YES;
				SWIFT_VERSION = 5.0;
				TARGETED_DEVICE_FAMILY = "1,2";
			};
			name = Release;
		};
		F7063A4829967E7A007B80FD /* Debug */ = {
			isa = XCBuildConfiguration;
			buildSettings = {
				ALWAYS_EMBED_SWIFT_STANDARD_LIBRARIES = YES;
				BUNDLE_LOADER = "$(TEST_HOST)";
				CODE_SIGN_STYLE = Automatic;
				CURRENT_PROJECT_VERSION = 1;
				DEVELOPMENT_TEAM = 7AA87AZ875;
				GENERATE_INFOPLIST_FILE = YES;
				IPHONEOS_DEPLOYMENT_TARGET = 16.2;
				MACOSX_DEPLOYMENT_TARGET = 13.1;
				MARKETING_VERSION = 1.0;
				PRODUCT_BUNDLE_IDENTIFIER = "com.KCs-webExtention2.BlockTube-for-SafariTests";
				PRODUCT_NAME = "$(TARGET_NAME)";
				SDKROOT = auto;
				SUPPORTED_PLATFORMS = "iphoneos iphonesimulator macosx";
				SWIFT_EMIT_LOC_STRINGS = NO;
				SWIFT_VERSION = 5.0;
				TARGETED_DEVICE_FAMILY = "1,2";
				TEST_HOST = "$(BUILT_PRODUCTS_DIR)/BlockTube for Safari.app/$(BUNDLE_EXECUTABLE_FOLDER_PATH)/BlockTube for Safari";
			};
			name = Debug;
		};
		F7063A4929967E7A007B80FD /* Release */ = {
			isa = XCBuildConfiguration;
			buildSettings = {
				ALWAYS_EMBED_SWIFT_STANDARD_LIBRARIES = YES;
				BUNDLE_LOADER = "$(TEST_HOST)";
				CODE_SIGN_STYLE = Automatic;
				CURRENT_PROJECT_VERSION = 1;
				DEVELOPMENT_TEAM = 7AA87AZ875;
				GENERATE_INFOPLIST_FILE = YES;
				IPHONEOS_DEPLOYMENT_TARGET = 16.2;
				MACOSX_DEPLOYMENT_TARGET = 13.1;
				MARKETING_VERSION = 1.0;
				PRODUCT_BUNDLE_IDENTIFIER = "com.KCs-webExtention2.BlockTube-for-SafariTests";
				PRODUCT_NAME = "$(TARGET_NAME)";
				SDKROOT = auto;
				SUPPORTED_PLATFORMS = "iphoneos iphonesimulator macosx";
				SWIFT_EMIT_LOC_STRINGS = NO;
				SWIFT_VERSION = 5.0;
				TARGETED_DEVICE_FAMILY = "1,2";
				TEST_HOST = "$(BUILT_PRODUCTS_DIR)/BlockTube for Safari.app/$(BUNDLE_EXECUTABLE_FOLDER_PATH)/BlockTube for Safari";
			};
			name = Release;
		};
		F7063A4B29967E7A007B80FD /* Debug */ = {
			isa = XCBuildConfiguration;
			buildSettings = {
				ALWAYS_EMBED_SWIFT_STANDARD_LIBRARIES = YES;
				CODE_SIGN_STYLE = Automatic;
				CURRENT_PROJECT_VERSION = 1;
				DEVELOPMENT_TEAM = 7AA87AZ875;
				GENERATE_INFOPLIST_FILE = YES;
				IPHONEOS_DEPLOYMENT_TARGET = 16.2;
				MACOSX_DEPLOYMENT_TARGET = 13.1;
				MARKETING_VERSION = 1.0;
				PRODUCT_BUNDLE_IDENTIFIER = "com.KCs-webExtention2.BlockTube-for-SafariUITests";
				PRODUCT_NAME = "$(TARGET_NAME)";
				SDKROOT = auto;
				SUPPORTED_PLATFORMS = "iphoneos iphonesimulator macosx";
				SWIFT_EMIT_LOC_STRINGS = NO;
				SWIFT_VERSION = 5.0;
				TARGETED_DEVICE_FAMILY = "1,2";
				TEST_TARGET_NAME = "BlockTube for Safari";
			};
			name = Debug;
		};
		F7063A4C29967E7A007B80FD /* Release */ = {
			isa = XCBuildConfiguration;
			buildSettings = {
				ALWAYS_EMBED_SWIFT_STANDARD_LIBRARIES = YES;
				CODE_SIGN_STYLE = Automatic;
				CURRENT_PROJECT_VERSION = 1;
				DEVELOPMENT_TEAM = 7AA87AZ875;
				GENERATE_INFOPLIST_FILE = YES;
				IPHONEOS_DEPLOYMENT_TARGET = 16.2;
				MACOSX_DEPLOYMENT_TARGET = 13.1;
				MARKETING_VERSION = 1.0;
				PRODUCT_BUNDLE_IDENTIFIER = "com.KCs-webExtention2.BlockTube-for-SafariUITests";
				PRODUCT_NAME = "$(TARGET_NAME)";
				SDKROOT = auto;
				SUPPORTED_PLATFORMS = "iphoneos iphonesimulator macosx";
				SWIFT_EMIT_LOC_STRINGS = NO;
				SWIFT_VERSION = 5.0;
				TARGETED_DEVICE_FAMILY = "1,2";
				TEST_TARGET_NAME = "BlockTube for Safari";
			};
			name = Release;
		};
/* End XCBuildConfiguration section */

/* Begin XCConfigurationList section */
		F7063A1A29967E79007B80FD /* Build configuration list for PBXProject "BlockTube for Safari" */ = {
			isa = XCConfigurationList;
			buildConfigurations = (
				F7063A4229967E7A007B80FD /* Debug */,
				F7063A4329967E7A007B80FD /* Release */,
			);
			defaultConfigurationIsVisible = 0;
			defaultConfigurationName = Release;
		};
		F7063A4429967E7A007B80FD /* Build configuration list for PBXNativeTarget "BlockTube for Safari" */ = {
			isa = XCConfigurationList;
			buildConfigurations = (
				F7063A4529967E7A007B80FD /* Debug */,
				F7063A4629967E7A007B80FD /* Release */,
			);
			defaultConfigurationIsVisible = 0;
			defaultConfigurationName = Release;
		};
		F7063A4729967E7A007B80FD /* Build configuration list for PBXNativeTarget "BlockTube for SafariTests" */ = {
			isa = XCConfigurationList;
			buildConfigurations = (
				F7063A4829967E7A007B80FD /* Debug */,
				F7063A4929967E7A007B80FD /* Release */,
			);
			defaultConfigurationIsVisible = 0;
			defaultConfigurationName = Release;
		};
		F7063A4A29967E7A007B80FD /* Build configuration list for PBXNativeTarget "BlockTube for SafariUITests" */ = {
			isa = XCConfigurationList;
			buildConfigurations = (
				F7063A4B29967E7A007B80FD /* Debug */,
				F7063A4C29967E7A007B80FD /* Release */,
			);
			defaultConfigurationIsVisible = 0;
			defaultConfigurationName = Release;
		};
/* End XCConfigurationList section */
	};
	rootObject = F7063A1729967E79007B80FD /* Project object */;
}
